
Microsoft Visual Studio Solution File, Format Version 12.00
# Visual Studio Version 16
VisualStudioVersion = 16.0.28803.156
MinimumVisualStudioVersion = 10.0.40219.1
Project("{FAE04EC0-301F-11D3-BF4B-00C04F79EFBC}") = "CST117 Milestone 4", "CST117 Milestone 4\CST117 Milestone 4.csproj", "{0277EC5F-7D7C-4A3F-9C6C-3B84CC58825E}"
EndProject
Global
	GlobalSection(SolutionConfigurationPlatforms) = preSolution
		Debug|Any CPU = Debug|Any CPU
		Release|Any CPU = Release|Any CPU
	EndGlobalSection
	GlobalSection(ProjectConfigurationPlatforms) = postSolution
		{0277EC5F-7D7C-4A3F-9C6C-3B84CC58825E}.Debug|Any CPU.ActiveCfg = Debug|Any CPU
		{0277EC5F-7D7C-4A3F-9C6C-3B84CC58825E}.Debug|Any CPU.Build.0 = Debug|Any CPU
		{0277EC5F-7D7C-4A3F-9C6C-3B84CC58825E}.Release|Any CPU.ActiveCfg = Release|Any CPU
		{0277EC5F-7D7C-4A3F-9C6C-3B84CC58825E}.Release|Any CPU.Build.0 = Release|Any CPU
	EndGlobalSection
	GlobalSection(SolutionProperties) = preSolution
		HideSolutionNode = FALSE
	EndGlobalSection
	GlobalSection(ExtensibilityGlobals) = postSolution
		SolutionGuid = {30C914F9-140F-4453-9F50-E56DF728EED1}
	EndGlobalSection
EndGlobal
