
Microsoft Visual Studio Solution File, Format Version 12.00
# Visual Studio Version 16
VisualStudioVersion = 16.0.28803.156
MinimumVisualStudioVersion = 10.0.40219.1
Project("{FAE04EC0-301F-11D3-BF4B-00C04F79EFBC}") = "CST117 Exercise 10", "CST117 Exercise 10\CST117 Exercise 10.csproj", "{DD4BCFE4-F21E-4E7A-BB50-CA2606F59260}"
EndProject
Global
	GlobalSection(SolutionConfigurationPlatforms) = preSolution
		Debug|Any CPU = Debug|Any CPU
		Release|Any CPU = Release|Any CPU
	EndGlobalSection
	GlobalSection(ProjectConfigurationPlatforms) = postSolution
		{DD4BCFE4-F21E-4E7A-BB50-CA2606F59260}.Debug|Any CPU.ActiveCfg = Debug|Any CPU
		{DD4BCFE4-F21E-4E7A-BB50-CA2606F59260}.Debug|Any CPU.Build.0 = Debug|Any CPU
		{DD4BCFE4-F21E-4E7A-BB50-CA2606F59260}.Release|Any CPU.ActiveCfg = Release|Any CPU
		{DD4BCFE4-F21E-4E7A-BB50-CA2606F59260}.Release|Any CPU.Build.0 = Release|Any CPU
	EndGlobalSection
	GlobalSection(SolutionProperties) = preSolution
		HideSolutionNode = FALSE
	EndGlobalSection
	GlobalSection(ExtensibilityGlobals) = postSolution
		SolutionGuid = {B03E851D-BDD1-435E-8CCF-AB742A3D06E5}
	EndGlobalSection
EndGlobal
