
Microsoft Visual Studio Solution File, Format Version 12.00
# Visual Studio Version 16
VisualStudioVersion = 16.0.28803.156
MinimumVisualStudioVersion = 10.0.40219.1
Project("{FAE04EC0-301F-11D3-BF4B-00C04F79EFBC}") = "CST117 Exercise 4", "CST117 Exercise 4\CST117 Exercise 4.csproj", "{D14EF21E-24CB-4F7F-BB6D-DF2FB7128677}"
EndProject
Global
	GlobalSection(SolutionConfigurationPlatforms) = preSolution
		Debug|Any CPU = Debug|Any CPU
		Release|Any CPU = Release|Any CPU
	EndGlobalSection
	GlobalSection(ProjectConfigurationPlatforms) = postSolution
		{D14EF21E-24CB-4F7F-BB6D-DF2FB7128677}.Debug|Any CPU.ActiveCfg = Debug|Any CPU
		{D14EF21E-24CB-4F7F-BB6D-DF2FB7128677}.Debug|Any CPU.Build.0 = Debug|Any CPU
		{D14EF21E-24CB-4F7F-BB6D-DF2FB7128677}.Release|Any CPU.ActiveCfg = Release|Any CPU
		{D14EF21E-24CB-4F7F-BB6D-DF2FB7128677}.Release|Any CPU.Build.0 = Release|Any CPU
	EndGlobalSection
	GlobalSection(SolutionProperties) = preSolution
		HideSolutionNode = FALSE
	EndGlobalSection
	GlobalSection(ExtensibilityGlobals) = postSolution
		SolutionGuid = {ECB1AD22-DBFF-4E5B-A03C-74F7E1F2507B}
	EndGlobalSection
EndGlobal
